
Microsoft Visual Studio Solution File, Format Version 12.00
# Visual Studio Version 17
VisualStudioVersion = 17.0.31903.59
MinimumVisualStudioVersion = 10.0.40219.1
Project("{2150E333-8FDC-42A3-9474-1A3956D46DE8}") = "src", "src", "{BDE9D2DC-8B51-4096-978B-1ADD7B35A636}"
EndProject
Project("{FAE04EC0-301F-11D3-BF4B-00C04F79EFBC}") = "AuctionService", "src\AuctionService\AuctionService.csproj", "{E774DFF3-241A-4299-BF34-95EDC16BAB5F}"
EndProject
Global
	GlobalSection(SolutionConfigurationPlatforms) = preSolution
		Debug|Any CPU = Debug|Any CPU
		Release|Any CPU = Release|Any CPU
	EndGlobalSection
	GlobalSection(SolutionProperties) = preSolution
		HideSolutionNode = FALSE
	EndGlobalSection
	GlobalSection(ProjectConfigurationPlatforms) = postSolution
		{E774DFF3-241A-4299-BF34-95EDC16BAB5F}.Debug|Any CPU.ActiveCfg = Debug|Any CPU
		{E774DFF3-241A-4299-BF34-95EDC16BAB5F}.Debug|Any CPU.Build.0 = Debug|Any CPU
		{E774DFF3-241A-4299-BF34-95EDC16BAB5F}.Release|Any CPU.ActiveCfg = Release|Any CPU
		{E774DFF3-241A-4299-BF34-95EDC16BAB5F}.Release|Any CPU.Build.0 = Release|Any CPU
	EndGlobalSection
	GlobalSection(NestedProjects) = preSolution
		{E774DFF3-241A-4299-BF34-95EDC16BAB5F} = {BDE9D2DC-8B51-4096-978B-1ADD7B35A636}
	EndGlobalSection
EndGlobal
